
Microsoft Visual Studio Solution File, Format Version 12.00
# Visual Studio Version 16
VisualStudioVersion = 16.0.31729.503
MinimumVisualStudioVersion = 10.0.40219.1
Project("{FAE04EC0-301F-11D3-BF4B-00C04F79EFBC}") = "FirstWindowsFormsApp", "FirstWindowsFormsApp\FirstWindowsFormsApp.csproj", "{CDEE21A2-7E5A-46FB-98AC-D55AA7DAFB4F}"
EndProject
Global
	GlobalSection(SolutionConfigurationPlatforms) = preSolution
		Debug|Any CPU = Debug|Any CPU
		Release|Any CPU = Release|Any CPU
	EndGlobalSection
	GlobalSection(ProjectConfigurationPlatforms) = postSolution
		{CDEE21A2-7E5A-46FB-98AC-D55AA7DAFB4F}.Debug|Any CPU.ActiveCfg = Debug|Any CPU
		{CDEE21A2-7E5A-46FB-98AC-D55AA7DAFB4F}.Debug|Any CPU.Build.0 = Debug|Any CPU
		{CDEE21A2-7E5A-46FB-98AC-D55AA7DAFB4F}.Release|Any CPU.ActiveCfg = Release|Any CPU
		{CDEE21A2-7E5A-46FB-98AC-D55AA7DAFB4F}.Release|Any CPU.Build.0 = Release|Any CPU
	EndGlobalSection
	GlobalSection(SolutionProperties) = preSolution
		HideSolutionNode = FALSE
	EndGlobalSection
	GlobalSection(ExtensibilityGlobals) = postSolution
		SolutionGuid = {1EBFE9E4-0329-4E11-9EA1-8897AB6F82A3}
	EndGlobalSection
EndGlobal
